
Microsoft Visual Studio Solution File, Format Version 12.00
# Visual Studio 15
VisualStudioVersion = 15.0.27703.2047
MinimumVisualStudioVersion = 10.0.40219.1
Project("{FAE04EC0-301F-11D3-BF4B-00C04F79EFBC}") = "Razor", "Razor\Razor.csproj", "{653B3C36-67F3-4031-8E79-D2F333E584F7}"
EndProject
Global
	GlobalSection(SolutionConfigurationPlatforms) = preSolution
		Debug|Any CPU = Debug|Any CPU
		Release|Any CPU = Release|Any CPU
	EndGlobalSection
	GlobalSection(ProjectConfigurationPlatforms) = postSolution
		{653B3C36-67F3-4031-8E79-D2F333E584F7}.Debug|Any CPU.ActiveCfg = Debug|Any CPU
		{653B3C36-67F3-4031-8E79-D2F333E584F7}.Debug|Any CPU.Build.0 = Debug|Any CPU
		{653B3C36-67F3-4031-8E79-D2F333E584F7}.Release|Any CPU.ActiveCfg = Release|Any CPU
		{653B3C36-67F3-4031-8E79-D2F333E584F7}.Release|Any CPU.Build.0 = Release|Any CPU
	EndGlobalSection
	GlobalSection(SolutionProperties) = preSolution
		HideSolutionNode = FALSE
	EndGlobalSection
	GlobalSection(ExtensibilityGlobals) = postSolution
		SolutionGuid = {5952CBD3-B2E5-456E-84A8-6E1413A8ED86}
	EndGlobalSection
EndGlobal
